
Microsoft Visual Studio Solution File, Format Version 12.00
# Visual Studio Version 17
VisualStudioVersion = 17.0.31903.59
MinimumVisualStudioVersion = 10.0.40219.1
Project("{FAE04EC0-301F-11D3-BF4B-00C04F79EFBC}") = "Macrofy", "Macrofy.csproj", "{BFFB8454-EB1C-42DD-A4D8-52D525A9E47A}"
EndProject
Global
	GlobalSection(SolutionConfigurationPlatforms) = preSolution
		Debug|Any CPU = Debug|Any CPU
		Release|Any CPU = Release|Any CPU
	EndGlobalSection
	GlobalSection(SolutionProperties) = preSolution
		HideSolutionNode = FALSE
	EndGlobalSection
	GlobalSection(ProjectConfigurationPlatforms) = postSolution
		{BFFB8454-EB1C-42DD-A4D8-52D525A9E47A}.Debug|Any CPU.ActiveCfg = Debug|Any CPU
		{BFFB8454-EB1C-42DD-A4D8-52D525A9E47A}.Debug|Any CPU.Build.0 = Debug|Any CPU
		{BFFB8454-EB1C-42DD-A4D8-52D525A9E47A}.Release|Any CPU.ActiveCfg = Release|Any CPU
		{BFFB8454-EB1C-42DD-A4D8-52D525A9E47A}.Release|Any CPU.Build.0 = Release|Any CPU
	EndGlobalSection
EndGlobal
